
Microsoft Visual Studio Solution File, Format Version 12.00
# Visual Studio Version 17
VisualStudioVersion = 17.11.35219.272
MinimumVisualStudioVersion = 10.0.40219.1
Project("{FAE04EC0-301F-11D3-BF4B-00C04F79EFBC}") = "Elemendid_vormist_TARpv23", "Elemendid_vormist_TARpv23.csproj", "{1D6316F5-2FCC-463A-B220-40DCE0C7341E}"
EndProject
Global
	GlobalSection(SolutionConfigurationPlatforms) = preSolution
		Debug|Any CPU = Debug|Any CPU
		Release|Any CPU = Release|Any CPU
	EndGlobalSection
	GlobalSection(ProjectConfigurationPlatforms) = postSolution
		{1D6316F5-2FCC-463A-B220-40DCE0C7341E}.Debug|Any CPU.ActiveCfg = Debug|Any CPU
		{1D6316F5-2FCC-463A-B220-40DCE0C7341E}.Debug|Any CPU.Build.0 = Debug|Any CPU
		{1D6316F5-2FCC-463A-B220-40DCE0C7341E}.Release|Any CPU.ActiveCfg = Release|Any CPU
		{1D6316F5-2FCC-463A-B220-40DCE0C7341E}.Release|Any CPU.Build.0 = Release|Any CPU
	EndGlobalSection
	GlobalSection(SolutionProperties) = preSolution
		HideSolutionNode = FALSE
	EndGlobalSection
	GlobalSection(ExtensibilityGlobals) = postSolution
		SolutionGuid = {E91EF9F9-549F-46BD-8541-561BDDC58E74}
	EndGlobalSection
EndGlobal
